
Microsoft Visual Studio Solution File, Format Version 12.00
# Visual Studio Version 16
VisualStudioVersion = 16.0.30114.105
MinimumVisualStudioVersion = 10.0.40219.1
Project("{FAE04EC0-301F-11D3-BF4B-00C04F79EFBC}") = "yx._007", "yx._007\yx._007.csproj", "{FB5B7E6F-412A-4CB9-BDCD-C69E1AAE7780}"
EndProject
Project("{FAE04EC0-301F-11D3-BF4B-00C04F79EFBC}") = "yx._321", "yx._321\yx._321.csproj", "{7CCEE0B5-FABF-41CA-963F-5C22EA59BBB4}"
EndProject
Global
	GlobalSection(SolutionConfigurationPlatforms) = preSolution
		Debug|Any CPU = Debug|Any CPU
		Debug|x64 = Debug|x64
		Debug|x86 = Debug|x86
		Release|Any CPU = Release|Any CPU
		Release|x64 = Release|x64
		Release|x86 = Release|x86
	EndGlobalSection
	GlobalSection(SolutionProperties) = preSolution
		HideSolutionNode = FALSE
	EndGlobalSection
	GlobalSection(ProjectConfigurationPlatforms) = postSolution
		{FB5B7E6F-412A-4CB9-BDCD-C69E1AAE7780}.Debug|Any CPU.ActiveCfg = Debug|Any CPU
		{FB5B7E6F-412A-4CB9-BDCD-C69E1AAE7780}.Debug|Any CPU.Build.0 = Debug|Any CPU
		{FB5B7E6F-412A-4CB9-BDCD-C69E1AAE7780}.Debug|x64.ActiveCfg = Debug|Any CPU
		{FB5B7E6F-412A-4CB9-BDCD-C69E1AAE7780}.Debug|x64.Build.0 = Debug|Any CPU
		{FB5B7E6F-412A-4CB9-BDCD-C69E1AAE7780}.Debug|x86.ActiveCfg = Debug|Any CPU
		{FB5B7E6F-412A-4CB9-BDCD-C69E1AAE7780}.Debug|x86.Build.0 = Debug|Any CPU
		{FB5B7E6F-412A-4CB9-BDCD-C69E1AAE7780}.Release|Any CPU.ActiveCfg = Release|Any CPU
		{FB5B7E6F-412A-4CB9-BDCD-C69E1AAE7780}.Release|Any CPU.Build.0 = Release|Any CPU
		{FB5B7E6F-412A-4CB9-BDCD-C69E1AAE7780}.Release|x64.ActiveCfg = Release|Any CPU
		{FB5B7E6F-412A-4CB9-BDCD-C69E1AAE7780}.Release|x64.Build.0 = Release|Any CPU
		{FB5B7E6F-412A-4CB9-BDCD-C69E1AAE7780}.Release|x86.ActiveCfg = Release|Any CPU
		{FB5B7E6F-412A-4CB9-BDCD-C69E1AAE7780}.Release|x86.Build.0 = Release|Any CPU
		{7CCEE0B5-FABF-41CA-963F-5C22EA59BBB4}.Debug|Any CPU.ActiveCfg = Debug|Any CPU
		{7CCEE0B5-FABF-41CA-963F-5C22EA59BBB4}.Debug|Any CPU.Build.0 = Debug|Any CPU
		{7CCEE0B5-FABF-41CA-963F-5C22EA59BBB4}.Debug|x64.ActiveCfg = Debug|Any CPU
		{7CCEE0B5-FABF-41CA-963F-5C22EA59BBB4}.Debug|x64.Build.0 = Debug|Any CPU
		{7CCEE0B5-FABF-41CA-963F-5C22EA59BBB4}.Debug|x86.ActiveCfg = Debug|Any CPU
		{7CCEE0B5-FABF-41CA-963F-5C22EA59BBB4}.Debug|x86.Build.0 = Debug|Any CPU
		{7CCEE0B5-FABF-41CA-963F-5C22EA59BBB4}.Release|Any CPU.ActiveCfg = Release|Any CPU
		{7CCEE0B5-FABF-41CA-963F-5C22EA59BBB4}.Release|Any CPU.Build.0 = Release|Any CPU
		{7CCEE0B5-FABF-41CA-963F-5C22EA59BBB4}.Release|x64.ActiveCfg = Release|Any CPU
		{7CCEE0B5-FABF-41CA-963F-5C22EA59BBB4}.Release|x64.Build.0 = Release|Any CPU
		{7CCEE0B5-FABF-41CA-963F-5C22EA59BBB4}.Release|x86.ActiveCfg = Release|Any CPU
		{7CCEE0B5-FABF-41CA-963F-5C22EA59BBB4}.Release|x86.Build.0 = Release|Any CPU
	EndGlobalSection
EndGlobal
